
Microsoft Visual Studio Solution File, Format Version 12.00
Project("{FAE04EC0-301F-11D3-BF4B-00C04F79EFBC}") = "Hypercube.Mathematics", "src\Hypercube.Mathematics\Hypercube.Mathematics.csproj", "{93841367-4ABD-49BC-8199-99C5A14C4422}"
EndProject
Project("{FAE04EC0-301F-11D3-BF4B-00C04F79EFBC}") = "Hypercube.UnitTests", "src\Hypercube.UnitTests\Hypercube.UnitTests.csproj", "{FE3B741C-2B4B-4AC4-BD09-49CE5A8CD9E2}"
EndProject
Project("{FAE04EC0-301F-11D3-BF4B-00C04F79EFBC}") = "Hypercube.Tests", "src\Hypercube.Tests\Hypercube.Tests.csproj", "{3D8960B5-B087-4AC2-B192-93CCE07F1BC5}"
EndProject
Global
	GlobalSection(SolutionConfigurationPlatforms) = preSolution
		Debug|Any CPU = Debug|Any CPU
		Release|Any CPU = Release|Any CPU
	EndGlobalSection
	GlobalSection(ProjectConfigurationPlatforms) = postSolution
		{93841367-4ABD-49BC-8199-99C5A14C4422}.Debug|Any CPU.ActiveCfg = Debug|Any CPU
		{93841367-4ABD-49BC-8199-99C5A14C4422}.Debug|Any CPU.Build.0 = Debug|Any CPU
		{93841367-4ABD-49BC-8199-99C5A14C4422}.Release|Any CPU.ActiveCfg = Release|Any CPU
		{93841367-4ABD-49BC-8199-99C5A14C4422}.Release|Any CPU.Build.0 = Release|Any CPU
		{FE3B741C-2B4B-4AC4-BD09-49CE5A8CD9E2}.Debug|Any CPU.ActiveCfg = Debug|Any CPU
		{FE3B741C-2B4B-4AC4-BD09-49CE5A8CD9E2}.Debug|Any CPU.Build.0 = Debug|Any CPU
		{FE3B741C-2B4B-4AC4-BD09-49CE5A8CD9E2}.Release|Any CPU.ActiveCfg = Release|Any CPU
		{FE3B741C-2B4B-4AC4-BD09-49CE5A8CD9E2}.Release|Any CPU.Build.0 = Release|Any CPU
		{3D8960B5-B087-4AC2-B192-93CCE07F1BC5}.Debug|Any CPU.ActiveCfg = Debug|Any CPU
		{3D8960B5-B087-4AC2-B192-93CCE07F1BC5}.Debug|Any CPU.Build.0 = Debug|Any CPU
		{3D8960B5-B087-4AC2-B192-93CCE07F1BC5}.Release|Any CPU.ActiveCfg = Release|Any CPU
		{3D8960B5-B087-4AC2-B192-93CCE07F1BC5}.Release|Any CPU.Build.0 = Release|Any CPU
	EndGlobalSection
EndGlobal
